
Microsoft Visual Studio Solution File, Format Version 12.00
# Visual Studio Version 16
VisualStudioVersion = 16.0.30907.101
MinimumVisualStudioVersion = 10.0.40219.1
Project("{FAE04EC0-301F-11D3-BF4B-00C04F79EFBC}") = "2001TaskWebApi", "2001TaskWebApi\2001TaskWebApi.csproj", "{09FE4335-E17B-4372-9B25-EF0A9B3B2BD0}"
EndProject
Global
	GlobalSection(SolutionConfigurationPlatforms) = preSolution
		Debug|Any CPU = Debug|Any CPU
		Release|Any CPU = Release|Any CPU
	EndGlobalSection
	GlobalSection(ProjectConfigurationPlatforms) = postSolution
		{09FE4335-E17B-4372-9B25-EF0A9B3B2BD0}.Debug|Any CPU.ActiveCfg = Debug|Any CPU
		{09FE4335-E17B-4372-9B25-EF0A9B3B2BD0}.Debug|Any CPU.Build.0 = Debug|Any CPU
		{09FE4335-E17B-4372-9B25-EF0A9B3B2BD0}.Release|Any CPU.ActiveCfg = Release|Any CPU
		{09FE4335-E17B-4372-9B25-EF0A9B3B2BD0}.Release|Any CPU.Build.0 = Release|Any CPU
	EndGlobalSection
	GlobalSection(SolutionProperties) = preSolution
		HideSolutionNode = FALSE
	EndGlobalSection
	GlobalSection(ExtensibilityGlobals) = postSolution
		SolutionGuid = {898BE0A9-7673-4D99-A51B-C88950BB1DF4}
	EndGlobalSection
EndGlobal
